
Microsoft Visual Studio Solution File, Format Version 12.00
# Visual Studio Version 17
VisualStudioVersion = 17.12.35506.116
MinimumVisualStudioVersion = 10.0.40219.1
Project("{FAE04EC0-301F-11D3-BF4B-00C04F79EFBC}") = "Simulation.CSharp.Domain", "Simulation.CSharp.Domain\Simulation.CSharp.Domain.csproj", "{962EB925-C918-46A6-BCC7-C36ED738CD7A}"
EndProject
Project("{FAE04EC0-301F-11D3-BF4B-00C04F79EFBC}") = "Simulation.CSharp.CUI", "Simulation.CSharp.CUI\Simulation.CSharp.CUI.csproj", "{2F545A8F-D3EE-4AAF-A2F6-8332391080ED}"
EndProject
Project("{FAE04EC0-301F-11D3-BF4B-00C04F79EFBC}") = "Simulation.CSharp.View", "Simulation.CSharp.View\Simulation.CSharp.View.csproj", "{07DCB533-5394-4BEF-93D6-19D2083F8C0F}"
EndProject
Global
	GlobalSection(SolutionConfigurationPlatforms) = preSolution
		Debug|Any CPU = Debug|Any CPU
		Release|Any CPU = Release|Any CPU
	EndGlobalSection
	GlobalSection(ProjectConfigurationPlatforms) = postSolution
		{962EB925-C918-46A6-BCC7-C36ED738CD7A}.Debug|Any CPU.ActiveCfg = Debug|Any CPU
		{962EB925-C918-46A6-BCC7-C36ED738CD7A}.Debug|Any CPU.Build.0 = Debug|Any CPU
		{962EB925-C918-46A6-BCC7-C36ED738CD7A}.Release|Any CPU.ActiveCfg = Release|Any CPU
		{962EB925-C918-46A6-BCC7-C36ED738CD7A}.Release|Any CPU.Build.0 = Release|Any CPU
		{2F545A8F-D3EE-4AAF-A2F6-8332391080ED}.Debug|Any CPU.ActiveCfg = Debug|Any CPU
		{2F545A8F-D3EE-4AAF-A2F6-8332391080ED}.Debug|Any CPU.Build.0 = Debug|Any CPU
		{2F545A8F-D3EE-4AAF-A2F6-8332391080ED}.Release|Any CPU.ActiveCfg = Release|Any CPU
		{2F545A8F-D3EE-4AAF-A2F6-8332391080ED}.Release|Any CPU.Build.0 = Release|Any CPU
		{07DCB533-5394-4BEF-93D6-19D2083F8C0F}.Debug|Any CPU.ActiveCfg = Debug|Any CPU
		{07DCB533-5394-4BEF-93D6-19D2083F8C0F}.Debug|Any CPU.Build.0 = Debug|Any CPU
		{07DCB533-5394-4BEF-93D6-19D2083F8C0F}.Release|Any CPU.ActiveCfg = Release|Any CPU
		{07DCB533-5394-4BEF-93D6-19D2083F8C0F}.Release|Any CPU.Build.0 = Release|Any CPU
	EndGlobalSection
	GlobalSection(SolutionProperties) = preSolution
		HideSolutionNode = FALSE
	EndGlobalSection
EndGlobal
